{
  "name": "assignment-handler",
  "version": "1.0.0",
  "lockfileVersion": 3,
  "requires": true,
  "packages": {
    "": {
      "name": "assignment-handler",
      "version": "1.0.0",
      "dependencies": {
        "@aws-sdk/client-dynamodb": "^3.350.0"
      }
    },
    "node_modules/@aws-sdk/client-dynamodb": {
      "version": "3.350.0",
      "resolved": "https://registry.npmjs.org/@aws-sdk/client-dynamodb/-/client-dynamodb-3.350.0.tgz",
      "integrity": "sha512-pF4JTkJtMvB+Uu5mkrkJXMR6D1Nw1RkEyVp2psZnEEyo6Goj9Fg7xv6Fhw9zXq4GyC1s2aX1vMxX0uB/RlL+QA==",
      "dependencies": {
        "@smithy/middleware-serde": "^3.350.0",
        "@smithy/protocol-http": "^3.350.0",
        "@smithy/types": "^3.350.0",
        "uuid": "^9.0.0"
      }
    },
    "node_modules/@smithy/middleware-serde": {
      "version": "3.350.0",
      "resolved": "https://registry.npmjs.org/@smithy/middleware-serde/-/middleware-serde-3.350.0.tgz",
      "integrity": "sha512-OZLHVnPjllc33tFJH8FqL5R7/eyQJjKz6V3g2V+9PnnM5Qk+7HbF2z0eHCVuJ+0ODNh1Bz0GkGqx3Uyj+xUJ7w==",
      "dependencies": {
        "@smithy/protocol-serde": "^3.350.0"
      }
    },
    "node_modules/@smithy/protocol-http": {
      "version": "3.350.0",
      "resolved": "https://registry.npmjs.org/@smithy/protocol-http/-/protocol-http-3.350.0.tgz",
      "integrity": "sha512-KceJo9uZWL4R0R+9hjlhH9fSvnK8dL0U0F9i7YN/8D9mEsu2C0vSL5N1uAQf1gVjZ4X+pV3xYzZt8T5nDl2uTg==",
      "dependencies": {
        "@smithy/protocol-middleware": "^3.350.0",
        "@smithy/types": "^3.350.0"
      }
    },
    "node_modules/@smithy/protocol-serde": {
      "version": "3.350.0",
      "resolved": "https://registry.npmjs.org/@smithy/protocol-serde/-/protocol-serde-3.350.0.tgz",
      "integrity": "sha512-0U+kEwcfmOWZyJb9hxxF5+ktjSHQKFcVhZRwO6gqOIVxNMbGtsu6tKgXSk8R+Q8PKr1Pq4oZKXkyfByzv2qV+w=="
    },
    "node_modules/@smithy/protocol-middleware": {
      "version": "3.350.0",
      "resolved": "https://registry.npmjs.org/@smithy/protocol-middleware/-/protocol-middleware-3.350.0.tgz",
      "integrity": "sha512-ZB6zKrWq0a8kBsnI2bpu/UDxC+RlVxN8Hk0ekc0u5j3uvJD37q9Cmt6bU0aXY6KHdRx6Z6gl2F9+XkldD/n2cw=="
    },
    "node_modules/@smithy/types": {
      "version": "3.350.0",
      "resolved": "https://registry.npmjs.org/@smithy/types/-/types-3.350.0.tgz",
      "integrity": "sha512-RAI0p8UQyE2HDGw8VY9+iAv7/3HHK7y0BvR5hCym1iR0p4T+5JUwEdjWb+r/ft8B6DLB5pi8GkWyt1wnVtg3dA=="
    },
    "node_modules/uuid": {
      "version": "9.0.0",
      "resolved": "https://registry.npmjs.org/uuid/-/uuid-9.0.0.tgz",
      "integrity": "sha512-rO/1B+YdUuuh6B7n8J4ZSTq1A6v1TGR0l8i3ig9e5Y4zNHX+3Db3KzxVb0JK8M7BZh9k6y1QH2k5dF1yXU2sJQ=="
    }
  },
  "dependencies": {
    "@aws-sdk/client-dynamodb": {
      "version": "3.350.0",
      "resolved": "https://registry.npmjs.org/@aws-sdk/client-dynamodb/-/client-dynamodb-3.350.0.tgz",
      "integrity": "sha512-pF4JTkJtMvB+Uu5mkrkJXMR6D1Nw1RkEyVp2psZnEEyo6Goj9Fg7xv6Fhw9zXq4GyC1s2aX1vMxX0uB/RlL+QA==",
      "dependencies": {
        "@smithy/middleware-serde": "^3.350.0",
        "@smithy/protocol-http": "^3.350.0",
        "@smithy/types": "^3.350.0",
        "uuid": "^9.0.0"
      }
    }
  }
}
